// !$*UTF8*$!
{
	archiveVersion = 1;
	classes = {
	};
	objectVersion = 46;
	objects = {

/* Begin PBXBuildFile section */
		6A22897F1EB9B1B7009F8F0A /* main.m in Sources */ = {isa = PBXBuildFile; fileRef = 6A22897E1EB9B1B7009F8F0A /* main.m */; };
		6A22898A1EB9B1B7009F8F0A /* Assets.xcassets in Resources */ = {isa = PBXBuildFile; fileRef = 6A2289891EB9B1B7009F8F0A /* Assets.xcassets */; };
		6A22898D1EB9B1B7009F8F0A /* LaunchScreen.storyboard in Resources */ = {isa = PBXBuildFile; fileRef = 6A22898B1EB9B1B7009F8F0A /* LaunchScreen.storyboard */; };
		6A2289C91EBABB07009F8F0A /* MobileVLCKit.framework in Frameworks */ = {isa = PBXBuildFile; fileRef = 6A2289C81EBABB07009F8F0A /* MobileVLCKit.framework */; };
		6A2289CB1EBABB2A009F8F0A /* libbz2.1.0.tbd in Frameworks */ = {isa = PBXBuildFile; fileRef = 6A2289CA1EBABB2A009F8F0A /* libbz2.1.0.tbd */; };
		6A2289CD1EBABB35009F8F0A /* libz.1.tbd in Frameworks */ = {isa = PBXBuildFile; fileRef = 6A2289CC1EBABB35009F8F0A /* libz.1.tbd */; };
		6A2289CF1EBABB44009F8F0A /* libc++.1.tbd in Frameworks */ = {isa = PBXBuildFile; fileRef = 6A2289CE1EBABB44009F8F0A /* libc++.1.tbd */; };
		6A2289D11EBABB57009F8F0A /* libiconv.2.tbd in Frameworks */ = {isa = PBXBuildFile; fileRef = 6A2289D01EBABB57009F8F0A /* libiconv.2.tbd */; };
		6A2289D31EBABB65009F8F0A /* libstdc++.6.0.9.tbd in Frameworks */ = {isa = PBXBuildFile; fileRef = 6A2289D21EBABB65009F8F0A /* libstdc++.6.0.9.tbd */; };
		6A2289D51EBABB7B009F8F0A /* MediaPlayer.framework in Frameworks */ = {isa = PBXBuildFile; fileRef = 6A2289D41EBABB7B009F8F0A /* MediaPlayer.framework */; };
		6A2289D71EBABB86009F8F0A /* AVFoundation.framework in Frameworks */ = {isa = PBXBuildFile; fileRef = 6A2289D61EBABB86009F8F0A /* AVFoundation.framework */; };
		6A2289D91EBABB92009F8F0A /* CoreAudio.framework in Frameworks */ = {isa = PBXBuildFile; fileRef = 6A2289D81EBABB92009F8F0A /* CoreAudio.framework */; };
		6A2289DB1EBABB97009F8F0A /* CoreVideo.framework in Frameworks */ = {isa = PBXBuildFile; fileRef = 6A2289DA1EBABB97009F8F0A /* CoreVideo.framework */; };
		6A2289DD1EBABB9F009F8F0A /* CoreMedia.framework in Frameworks */ = {isa = PBXBuildFile; fileRef = 6A2289DC1EBABB9F009F8F0A /* CoreMedia.framework */; };
		6A2289DF1EBABBAA009F8F0A /* AudioToolbox.framework in Frameworks */ = {isa = PBXBuildFile; fileRef = 6A2289DE1EBABBAA009F8F0A /* AudioToolbox.framework */; };
		6A2289E11EBABBB0009F8F0A /* VideoToolbox.framework in Frameworks */ = {isa = PBXBuildFile; fileRef = 6A2289E01EBABBB0009F8F0A /* VideoToolbox.framework */; };
		6AAF3F721EC54812003A87AD /* MMMaterialDesignSpinner.m in Sources */ = {isa = PBXBuildFile; fileRef = 6AAF3F711EC54812003A87AD /* MMMaterialDesignSpinner.m */; };
		6AAF3F741EC598F2003A87AD /* SHPlayer.bundle in Resources */ = {isa = PBXBuildFile; fileRef = 6AAF3F731EC598F2003A87AD /* SHPlayer.bundle */; };
		6AAF3F771EC59ADD003A87AD /* SHPlayView.m in Sources */ = {isa = PBXBuildFile; fileRef = 6AAF3F761EC59ADD003A87AD /* SHPlayView.m */; };
		6AC1586D1EBC0A4100892AFA /* AppDelegate.m in Sources */ = {isa = PBXBuildFile; fileRef = 6AC158561EBC0A4100892AFA /* AppDelegate.m */; };
		6AC1586E1EBC0A4100892AFA /* CMBaseCollectionViewController.m in Sources */ = {isa = PBXBuildFile; fileRef = 6AC1585A1EBC0A4100892AFA /* CMBaseCollectionViewController.m */; };
		6AC1586F1EBC0A4100892AFA /* CMBaseNavigationController.m in Sources */ = {isa = PBXBuildFile; fileRef = 6AC1585D1EBC0A4100892AFA /* CMBaseNavigationController.m */; };
		6AC158701EBC0A4100892AFA /* CMBaseSearchDisplayViewController.m in Sources */ = {isa = PBXBuildFile; fileRef = 6AC158601EBC0A4100892AFA /* CMBaseSearchDisplayViewController.m */; };
		6AC158711EBC0A4100892AFA /* CMBasePullTableVIewViewController.m in Sources */ = {isa = PBXBuildFile; fileRef = 6AC158631EBC0A4100892AFA /* CMBasePullTableVIewViewController.m */; };
		6AC158721EBC0A4100892AFA /* CMBaseTableViewController.m in Sources */ = {isa = PBXBuildFile; fileRef = 6AC158651EBC0A4100892AFA /* CMBaseTableViewController.m */; };
		6AC158731EBC0A4100892AFA /* CMMultipleSectionTableViewController.m in Sources */ = {isa = PBXBuildFile; fileRef = 6AC158671EBC0A4100892AFA /* CMMultipleSectionTableViewController.m */; };
		6AC158741EBC0A4100892AFA /* WJTableViewDataSource.m in Sources */ = {isa = PBXBuildFile; fileRef = 6AC158691EBC0A4100892AFA /* WJTableViewDataSource.m */; };
		6AC158751EBC0A4100892AFA /* CMBaseViewController.m in Sources */ = {isa = PBXBuildFile; fileRef = 6AC1586C1EBC0A4100892AFA /* CMBaseViewController.m */; };
		6AC1587F1EBC115A00892AFA /* SHFileBrowserViewController.m in Sources */ = {isa = PBXBuildFile; fileRef = 6AC1587E1EBC115A00892AFA /* SHFileBrowserViewController.m */; };
		6AFCE7E41EC00ABD00AA647A /* CMBaseCollectionViewCell.m in Sources */ = {isa = PBXBuildFile; fileRef = 6AFCE7E11EC00ABD00AA647A /* CMBaseCollectionViewCell.m */; };
		6AFCE7E51EC00ABD00AA647A /* CMBaseTableViewCell.m in Sources */ = {isa = PBXBuildFile; fileRef = 6AFCE7E31EC00ABD00AA647A /* CMBaseTableViewCell.m */; };
		6AFCE8331EC1B83B00AA647A /* SHPlayerControlView.m in Sources */ = {isa = PBXBuildFile; fileRef = 6AFCE8321EC1B83B00AA647A /* SHPlayerControlView.m */; };
		6AFCE8381EC2FD1C00AA647A /* ASValuePopUpView.m in Sources */ = {isa = PBXBuildFile; fileRef = 6AFCE8351EC2FD1C00AA647A /* ASValuePopUpView.m */; };
		6AFCE8391EC2FD1C00AA647A /* ASValueTrackingSlider.m in Sources */ = {isa = PBXBuildFile; fileRef = 6AFCE8371EC2FD1C00AA647A /* ASValueTrackingSlider.m */; };
		F09E41C8512BD0A4320F958A /* libPods-SHPlayerDemo.a in Frameworks */ = {isa = PBXBuildFile; fileRef = AB4EF1ECA39ED37A66A99DE1 /* libPods-SHPlayerDemo.a */; };
/* End PBXBuildFile section */

/* Begin PBXFileReference section */
		6A22897A1EB9B1B7009F8F0A /* SHPlayerDemo.app */ = {isa = PBXFileReference; explicitFileType = wrapper.application; includeInIndex = 0; path = SHPlayerDemo.app; sourceTree = BUILT_PRODUCTS_DIR; };
		6A22897E1EB9B1B7009F8F0A /* main.m */ = {isa = PBXFileReference; lastKnownFileType = sourcecode.c.objc; path = main.m; sourceTree = "<group>"; };
		6A2289891EB9B1B7009F8F0A /* Assets.xcassets */ = {isa = PBXFileReference; lastKnownFileType = folder.assetcatalog; path = Assets.xcassets; sourceTree = "<group>"; };
		6A22898C1EB9B1B7009F8F0A /* Base */ = {isa = PBXFileReference; lastKnownFileType = file.storyboard; name = Base; path = Base.lproj/LaunchScreen.storyboard; sourceTree = "<group>"; };
		6A22898E1EB9B1B7009F8F0A /* Info.plist */ = {isa = PBXFileReference; lastKnownFileType = text.plist.xml; path = Info.plist; sourceTree = "<group>"; };
		6A2289C81EBABB07009F8F0A /* MobileVLCKit.framework */ = {isa = PBXFileReference; lastKnownFileType = wrapper.framework; path = MobileVLCKit.framework; sourceTree = "<group>"; };
		6A2289CA1EBABB2A009F8F0A /* libbz2.1.0.tbd */ = {isa = PBXFileReference; lastKnownFileType = "sourcecode.text-based-dylib-definition"; name = libbz2.1.0.tbd; path = usr/lib/libbz2.1.0.tbd; sourceTree = SDKROOT; };
		6A2289CC1EBABB35009F8F0A /* libz.1.tbd */ = {isa = PBXFileReference; lastKnownFileType = "sourcecode.text-based-dylib-definition"; name = libz.1.tbd; path = usr/lib/libz.1.tbd; sourceTree = SDKROOT; };
		6A2289CE1EBABB44009F8F0A /* libc++.1.tbd */ = {isa = PBXFileReference; lastKnownFileType = "sourcecode.text-based-dylib-definition"; name = "libc++.1.tbd"; path = "usr/lib/libc++.1.tbd"; sourceTree = SDKROOT; };
		6A2289D01EBABB57009F8F0A /* libiconv.2.tbd */ = {isa = PBXFileReference; lastKnownFileType = "sourcecode.text-based-dylib-definition"; name = libiconv.2.tbd; path = usr/lib/libiconv.2.tbd; sourceTree = SDKROOT; };
		6A2289D21EBABB65009F8F0A /* libstdc++.6.0.9.tbd */ = {isa = PBXFileReference; lastKnownFileType = "sourcecode.text-based-dylib-definition"; name = "libstdc++.6.0.9.tbd"; path = "usr/lib/libstdc++.6.0.9.tbd"; sourceTree = SDKROOT; };
		6A2289D41EBABB7B009F8F0A /* MediaPlayer.framework */ = {isa = PBXFileReference; lastKnownFileType = wrapper.framework; name = MediaPlayer.framework; path = System/Library/Frameworks/MediaPlayer.framework; sourceTree = SDKROOT; };
		6A2289D61EBABB86009F8F0A /* AVFoundation.framework */ = {isa = PBXFileReference; lastKnownFileType = wrapper.framework; name = AVFoundation.framework; path = System/Library/Frameworks/AVFoundation.framework; sourceTree = SDKROOT; };
		6A2289D81EBABB92009F8F0A /* CoreAudio.framework */ = {isa = PBXFileReference; lastKnownFileType = wrapper.framework; name = CoreAudio.framework; path = System/Library/Frameworks/CoreAudio.framework; sourceTree = SDKROOT; };
		6A2289DA1EBABB97009F8F0A /* CoreVideo.framework */ = {isa = PBXFileReference; lastKnownFileType = wrapper.framework; name = CoreVideo.framework; path = System/Library/Frameworks/CoreVideo.framework; sourceTree = SDKROOT; };
		6A2289DC1EBABB9F009F8F0A /* CoreMedia.framework */ = {isa = PBXFileReference; lastKnownFileType = wrapper.framework; name = CoreMedia.framework; path = System/Library/Frameworks/CoreMedia.framework; sourceTree = SDKROOT; };
		6A2289DE1EBABBAA009F8F0A /* AudioToolbox.framework */ = {isa = PBXFileReference; lastKnownFileType = wrapper.framework; name = AudioToolbox.framework; path = System/Library/Frameworks/AudioToolbox.framework; sourceTree = SDKROOT; };
		6A2289E01EBABBB0009F8F0A /* VideoToolbox.framework */ = {isa = PBXFileReference; lastKnownFileType = wrapper.framework; name = VideoToolbox.framework; path = System/Library/Frameworks/VideoToolbox.framework; sourceTree = SDKROOT; };
		6AAF3F701EC54812003A87AD /* MMMaterialDesignSpinner.h */ = {isa = PBXFileReference; fileEncoding = 4; lastKnownFileType = sourcecode.c.h; path = MMMaterialDesignSpinner.h; sourceTree = "<group>"; };
		6AAF3F711EC54812003A87AD /* MMMaterialDesignSpinner.m */ = {isa = PBXFileReference; fileEncoding = 4; lastKnownFileType = sourcecode.c.objc; path = MMMaterialDesignSpinner.m; sourceTree = "<group>"; };
		6AAF3F731EC598F2003A87AD /* SHPlayer.bundle */ = {isa = PBXFileReference; lastKnownFileType = "wrapper.plug-in"; path = SHPlayer.bundle; sourceTree = "<group>"; };
		6AAF3F751EC59ADD003A87AD /* SHPlayView.h */ = {isa = PBXFileReference; fileEncoding = 4; lastKnownFileType = sourcecode.c.h; path = SHPlayView.h; sourceTree = "<group>"; };
		6AAF3F761EC59ADD003A87AD /* SHPlayView.m */ = {isa = PBXFileReference; fileEncoding = 4; lastKnownFileType = sourcecode.c.objc; path = SHPlayView.m; sourceTree = "<group>"; };
		6AC158551EBC0A4100892AFA /* AppDelegate.h */ = {isa = PBXFileReference; fileEncoding = 4; lastKnownFileType = sourcecode.c.h; path = AppDelegate.h; sourceTree = "<group>"; };
		6AC158561EBC0A4100892AFA /* AppDelegate.m */ = {isa = PBXFileReference; fileEncoding = 4; lastKnownFileType = sourcecode.c.objc; path = AppDelegate.m; sourceTree = "<group>"; };
		6AC158591EBC0A4100892AFA /* CMBaseCollectionViewController.h */ = {isa = PBXFileReference; fileEncoding = 4; lastKnownFileType = sourcecode.c.h; path = CMBaseCollectionViewController.h; sourceTree = "<group>"; };
		6AC1585A1EBC0A4100892AFA /* CMBaseCollectionViewController.m */ = {isa = PBXFileReference; fileEncoding = 4; lastKnownFileType = sourcecode.c.objc; path = CMBaseCollectionViewController.m; sourceTree = "<group>"; };
		6AC1585C1EBC0A4100892AFA /* CMBaseNavigationController.h */ = {isa = PBXFileReference; fileEncoding = 4; lastKnownFileType = sourcecode.c.h; path = CMBaseNavigationController.h; sourceTree = "<group>"; };
		6AC1585D1EBC0A4100892AFA /* CMBaseNavigationController.m */ = {isa = PBXFileReference; fileEncoding = 4; lastKnownFileType = sourcecode.c.objc; path = CMBaseNavigationController.m; sourceTree = "<group>"; };
		6AC1585F1EBC0A4100892AFA /* CMBaseSearchDisplayViewController.h */ = {isa = PBXFileReference; fileEncoding = 4; lastKnownFileType = sourcecode.c.h; path = CMBaseSearchDisplayViewController.h; sourceTree = "<group>"; };
		6AC158601EBC0A4100892AFA /* CMBaseSearchDisplayViewController.m */ = {isa = PBXFileReference; fileEncoding = 4; lastKnownFileType = sourcecode.c.objc; path = CMBaseSearchDisplayViewController.m; sourceTree = "<group>"; };
		6AC158621EBC0A4100892AFA /* CMBasePullTableVIewViewController.h */ = {isa = PBXFileReference; fileEncoding = 4; lastKnownFileType = sourcecode.c.h; path = CMBasePullTableVIewViewController.h; sourceTree = "<group>"; };
		6AC158631EBC0A4100892AFA /* CMBasePullTableVIewViewController.m */ = {isa = PBXFileReference; fileEncoding = 4; lastKnownFileType = sourcecode.c.objc; path = CMBasePullTableVIewViewController.m; sourceTree = "<group>"; };
		6AC158641EBC0A4100892AFA /* CMBaseTableViewController.h */ = {isa = PBXFileReference; fileEncoding = 4; lastKnownFileType = sourcecode.c.h; path = CMBaseTableViewController.h; sourceTree = "<group>"; };
		6AC158651EBC0A4100892AFA /* CMBaseTableViewController.m */ = {isa = PBXFileReference; fileEncoding = 4; lastKnownFileType = sourcecode.c.objc; path = CMBaseTableViewController.m; sourceTree = "<group>"; };
		6AC158661EBC0A4100892AFA /* CMMultipleSectionTableViewController.h */ = {isa = PBXFileReference; fileEncoding = 4; lastKnownFileType = sourcecode.c.h; path = CMMultipleSectionTableViewController.h; sourceTree = "<group>"; };
		6AC158671EBC0A4100892AFA /* CMMultipleSectionTableViewController.m */ = {isa = PBXFileReference; fileEncoding = 4; lastKnownFileType = sourcecode.c.objc; path = CMMultipleSectionTableViewController.m; sourceTree = "<group>"; };
		6AC158681EBC0A4100892AFA /* WJTableViewDataSource.h */ = {isa = PBXFileReference; fileEncoding = 4; lastKnownFileType = sourcecode.c.h; path = WJTableViewDataSource.h; sourceTree = "<group>"; };
		6AC158691EBC0A4100892AFA /* WJTableViewDataSource.m */ = {isa = PBXFileReference; fileEncoding = 4; lastKnownFileType = sourcecode.c.objc; path = WJTableViewDataSource.m; sourceTree = "<group>"; };
		6AC1586B1EBC0A4100892AFA /* CMBaseViewController.h */ = {isa = PBXFileReference; fileEncoding = 4; lastKnownFileType = sourcecode.c.h; path = CMBaseViewController.h; sourceTree = "<group>"; };
		6AC1586C1EBC0A4100892AFA /* CMBaseViewController.m */ = {isa = PBXFileReference; fileEncoding = 4; lastKnownFileType = sourcecode.c.objc; path = CMBaseViewController.m; sourceTree = "<group>"; };
		6AC158761EBC0AB000892AFA /* SHPlayerDemoPrefixHeader.pch */ = {isa = PBXFileReference; lastKnownFileType = sourcecode.c.h; path = SHPlayerDemoPrefixHeader.pch; sourceTree = "<group>"; };
		6AC158781EBC0CEF00892AFA /* SHPlayerDemoColorMacro.h */ = {isa = PBXFileReference; lastKnownFileType = sourcecode.c.h; path = SHPlayerDemoColorMacro.h; sourceTree = "<group>"; };
		6AC158791EBC0E8900892AFA /* SHPlayerDemoUtilsMacro.h */ = {isa = PBXFileReference; lastKnownFileType = sourcecode.c.h; path = SHPlayerDemoUtilsMacro.h; sourceTree = "<group>"; };
		6AC1587A1EBC0F3000892AFA /* SHPlayerDemoImportMacro.h */ = {isa = PBXFileReference; lastKnownFileType = sourcecode.c.h; path = SHPlayerDemoImportMacro.h; sourceTree = "<group>"; };
		6AC1587D1EBC115A00892AFA /* SHFileBrowserViewController.h */ = {isa = PBXFileReference; fileEncoding = 4; lastKnownFileType = sourcecode.c.h; path = SHFileBrowserViewController.h; sourceTree = "<group>"; };
		6AC1587E1EBC115A00892AFA /* SHFileBrowserViewController.m */ = {isa = PBXFileReference; fileEncoding = 4; lastKnownFileType = sourcecode.c.objc; path = SHFileBrowserViewController.m; sourceTree = "<group>"; };
		6AFCE7E01EC00ABD00AA647A /* CMBaseCollectionViewCell.h */ = {isa = PBXFileReference; fileEncoding = 4; lastKnownFileType = sourcecode.c.h; path = CMBaseCollectionViewCell.h; sourceTree = "<group>"; };
		6AFCE7E11EC00ABD00AA647A /* CMBaseCollectionViewCell.m */ = {isa = PBXFileReference; fileEncoding = 4; lastKnownFileType = sourcecode.c.objc; path = CMBaseCollectionViewCell.m; sourceTree = "<group>"; };
		6AFCE7E21EC00ABD00AA647A /* CMBaseTableViewCell.h */ = {isa = PBXFileReference; fileEncoding = 4; lastKnownFileType = sourcecode.c.h; path = CMBaseTableViewCell.h; sourceTree = "<group>"; };
		6AFCE7E31EC00ABD00AA647A /* CMBaseTableViewCell.m */ = {isa = PBXFileReference; fileEncoding = 4; lastKnownFileType = sourcecode.c.objc; path = CMBaseTableViewCell.m; sourceTree = "<group>"; };
		6AFCE8311EC1B83B00AA647A /* SHPlayerControlView.h */ = {isa = PBXFileReference; fileEncoding = 4; lastKnownFileType = sourcecode.c.h; path = SHPlayerControlView.h; sourceTree = "<group>"; };
		6AFCE8321EC1B83B00AA647A /* SHPlayerControlView.m */ = {isa = PBXFileReference; fileEncoding = 4; lastKnownFileType = sourcecode.c.objc; path = SHPlayerControlView.m; sourceTree = "<group>"; };
		6AFCE8341EC2FD1C00AA647A /* ASValuePopUpView.h */ = {isa = PBXFileReference; fileEncoding = 4; lastKnownFileType = sourcecode.c.h; path = ASValuePopUpView.h; sourceTree = "<group>"; };
		6AFCE8351EC2FD1C00AA647A /* ASValuePopUpView.m */ = {isa = PBXFileReference; fileEncoding = 4; lastKnownFileType = sourcecode.c.objc; path = ASValuePopUpView.m; sourceTree = "<group>"; };
		6AFCE8361EC2FD1C00AA647A /* ASValueTrackingSlider.h */ = {isa = PBXFileReference; fileEncoding = 4; lastKnownFileType = sourcecode.c.h; path = ASValueTrackingSlider.h; sourceTree = "<group>"; };
		6AFCE8371EC2FD1C00AA647A /* ASValueTrackingSlider.m */ = {isa = PBXFileReference; fileEncoding = 4; lastKnownFileType = sourcecode.c.objc; path = ASValueTrackingSlider.m; sourceTree = "<group>"; };
		6AFCE83C1EC306D600AA647A /* SHPlayer.h */ = {isa = PBXFileReference; lastKnownFileType = sourcecode.c.h; path = SHPlayer.h; sourceTree = "<group>"; };
		7B9419D7EC80E1D19779D71E /* Pods-SHPlayerDemo.release.xcconfig */ = {isa = PBXFileReference; includeInIndex = 1; lastKnownFileType = text.xcconfig; name = "Pods-SHPlayerDemo.release.xcconfig"; path = "Pods/Target Support Files/Pods-SHPlayerDemo/Pods-SHPlayerDemo.release.xcconfig"; sourceTree = "<group>"; };
		81C8B53559F3CE37061A3199 /* Pods-SHPlayerDemo.debug.xcconfig */ = {isa = PBXFileReference; includeInIndex = 1; lastKnownFileType = text.xcconfig; name = "Pods-SHPlayerDemo.debug.xcconfig"; path = "Pods/Target Support Files/Pods-SHPlayerDemo/Pods-SHPlayerDemo.debug.xcconfig"; sourceTree = "<group>"; };
		AB4EF1ECA39ED37A66A99DE1 /* libPods-SHPlayerDemo.a */ = {isa = PBXFileReference; explicitFileType = archive.ar; includeInIndex = 0; path = "libPods-SHPlayerDemo.a"; sourceTree = BUILT_PRODUCTS_DIR; };
/* End PBXFileReference section */

/* Begin PBXFrameworksBuildPhase section */
		6A2289771EB9B1B7009F8F0A /* Frameworks */ = {
			isa = PBXFrameworksBuildPhase;
			buildActionMask = 2147483647;
			files = (
				6A2289E11EBABBB0009F8F0A /* VideoToolbox.framework in Frameworks */,
				6A2289DF1EBABBAA009F8F0A /* AudioToolbox.framework in Frameworks */,
				6A2289DD1EBABB9F009F8F0A /* CoreMedia.framework in Frameworks */,
				6A2289DB1EBABB97009F8F0A /* CoreVideo.framework in Frameworks */,
				6A2289D91EBABB92009F8F0A /* CoreAudio.framework in Frameworks */,
				6A2289D71EBABB86009F8F0A /* AVFoundation.framework in Frameworks */,
				6A2289D51EBABB7B009F8F0A /* MediaPlayer.framework in Frameworks */,
				6A2289D31EBABB65009F8F0A /* libstdc++.6.0.9.tbd in Frameworks */,
				6A2289D11EBABB57009F8F0A /* libiconv.2.tbd in Frameworks */,
				6A2289CF1EBABB44009F8F0A /* libc++.1.tbd in Frameworks */,
				6A2289CD1EBABB35009F8F0A /* libz.1.tbd in Frameworks */,
				6A2289CB1EBABB2A009F8F0A /* libbz2.1.0.tbd in Frameworks */,
				F09E41C8512BD0A4320F958A /* libPods-SHPlayerDemo.a in Frameworks */,
				6A2289C91EBABB07009F8F0A /* MobileVLCKit.framework in Frameworks */,
			);
			runOnlyForDeploymentPostprocessing = 0;
		};
/* End PBXFrameworksBuildPhase section */

/* Begin PBXGroup section */
		097037433718B9A82F7E88E5 /* Pods */ = {
			isa = PBXGroup;
			children = (
				81C8B53559F3CE37061A3199 /* Pods-SHPlayerDemo.debug.xcconfig */,
				7B9419D7EC80E1D19779D71E /* Pods-SHPlayerDemo.release.xcconfig */,
			);
			name = Pods;
			sourceTree = "<group>";
		};
		6A2289711EB9B1B7009F8F0A = {
			isa = PBXGroup;
			children = (
				6A2289A71EB9B3A5009F8F0A /* SHPlayer */,
				6A22897C1EB9B1B7009F8F0A /* SHPlayerDemo */,
				6A22897B1EB9B1B7009F8F0A /* Products */,
				097037433718B9A82F7E88E5 /* Pods */,
				A8BC77D48891E2D92517DD6B /* Frameworks */,
			);
			sourceTree = "<group>";
		};
		6A22897B1EB9B1B7009F8F0A /* Products */ = {
			isa = PBXGroup;
			children = (
				6A22897A1EB9B1B7009F8F0A /* SHPlayerDemo.app */,
			);
			name = Products;
			sourceTree = "<group>";
		};
		6A22897C1EB9B1B7009F8F0A /* SHPlayerDemo */ = {
			isa = PBXGroup;
			children = (
				6AC158531EBC0A4100892AFA /* Classes */,
				6A22897D1EB9B1B7009F8F0A /* Supporting Files */,
			);
			path = SHPlayerDemo;
			sourceTree = "<group>";
		};
		6A22897D1EB9B1B7009F8F0A /* Supporting Files */ = {
			isa = PBXGroup;
			children = (
				6A22898E1EB9B1B7009F8F0A /* Info.plist */,
				6A22898B1EB9B1B7009F8F0A /* LaunchScreen.storyboard */,
				6A2289891EB9B1B7009F8F0A /* Assets.xcassets */,
				6A22897E1EB9B1B7009F8F0A /* main.m */,
				6AC158761EBC0AB000892AFA /* SHPlayerDemoPrefixHeader.pch */,
			);
			name = "Supporting Files";
			sourceTree = "<group>";
		};
		6A2289A71EB9B3A5009F8F0A /* SHPlayer */ = {
			isa = PBXGroup;
			children = (
				6AFCE8301EC1B81200AA647A /* Classes */,
				6A2289C71EBABB07009F8F0A /* Frameworks */,
			);
			name = SHPlayer;
			path = ../SHPlayer;
			sourceTree = "<group>";
		};
		6A2289C71EBABB07009F8F0A /* Frameworks */ = {
			isa = PBXGroup;
			children = (
				6A2289C81EBABB07009F8F0A /* MobileVLCKit.framework */,
			);
			path = Frameworks;
			sourceTree = "<group>";
		};
		6AC158531EBC0A4100892AFA /* Classes */ = {
			isa = PBXGroup;
			children = (
				6AFCE7DF1EC00ABD00AA647A /* BaseCell */,
				6AC158771EBC0CB600892AFA /* Macros */,
				6AC158541EBC0A4100892AFA /* AppDelegate */,
				6AC158571EBC0A4100892AFA /* BaseViewController */,
				6AC1587B1EBC105E00892AFA /* ProjectClasses */,
			);
			path = Classes;
			sourceTree = "<group>";
		};
		6AC158541EBC0A4100892AFA /* AppDelegate */ = {
			isa = PBXGroup;
			children = (
				6AC158551EBC0A4100892AFA /* AppDelegate.h */,
				6AC158561EBC0A4100892AFA /* AppDelegate.m */,
			);
			path = AppDelegate;
			sourceTree = "<group>";
		};
		6AC158571EBC0A4100892AFA /* BaseViewController */ = {
			isa = PBXGroup;
			children = (
				6AC158581EBC0A4100892AFA /* CMBaseCollectionViewController */,
				6AC1585B1EBC0A4100892AFA /* CMBaseNavigationController */,
				6AC1585E1EBC0A4100892AFA /* CMBaseSearchDisplayViewController */,
				6AC158611EBC0A4100892AFA /* CMBaseTableViewController */,
				6AC1586A1EBC0A4100892AFA /* CMBaseViewController */,
			);
			path = BaseViewController;
			sourceTree = "<group>";
		};
		6AC158581EBC0A4100892AFA /* CMBaseCollectionViewController */ = {
			isa = PBXGroup;
			children = (
				6AC158591EBC0A4100892AFA /* CMBaseCollectionViewController.h */,
				6AC1585A1EBC0A4100892AFA /* CMBaseCollectionViewController.m */,
			);
			path = CMBaseCollectionViewController;
			sourceTree = "<group>";
		};
		6AC1585B1EBC0A4100892AFA /* CMBaseNavigationController */ = {
			isa = PBXGroup;
			children = (
				6AC1585C1EBC0A4100892AFA /* CMBaseNavigationController.h */,
				6AC1585D1EBC0A4100892AFA /* CMBaseNavigationController.m */,
			);
			path = CMBaseNavigationController;
			sourceTree = "<group>";
		};
		6AC1585E1EBC0A4100892AFA /* CMBaseSearchDisplayViewController */ = {
			isa = PBXGroup;
			children = (
				6AC1585F1EBC0A4100892AFA /* CMBaseSearchDisplayViewController.h */,
				6AC158601EBC0A4100892AFA /* CMBaseSearchDisplayViewController.m */,
			);
			path = CMBaseSearchDisplayViewController;
			sourceTree = "<group>";
		};
		6AC158611EBC0A4100892AFA /* CMBaseTableViewController */ = {
			isa = PBXGroup;
			children = (
				6AC158621EBC0A4100892AFA /* CMBasePullTableVIewViewController.h */,
				6AC158631EBC0A4100892AFA /* CMBasePullTableVIewViewController.m */,
				6AC158641EBC0A4100892AFA /* CMBaseTableViewController.h */,
				6AC158651EBC0A4100892AFA /* CMBaseTableViewController.m */,
				6AC158661EBC0A4100892AFA /* CMMultipleSectionTableViewController.h */,
				6AC158671EBC0A4100892AFA /* CMMultipleSectionTableViewController.m */,
				6AC158681EBC0A4100892AFA /* WJTableViewDataSource.h */,
				6AC158691EBC0A4100892AFA /* WJTableViewDataSource.m */,
			);
			path = CMBaseTableViewController;
			sourceTree = "<group>";
		};
		6AC1586A1EBC0A4100892AFA /* CMBaseViewController */ = {
			isa = PBXGroup;
			children = (
				6AC1586B1EBC0A4100892AFA /* CMBaseViewController.h */,
				6AC1586C1EBC0A4100892AFA /* CMBaseViewController.m */,
			);
			path = CMBaseViewController;
			sourceTree = "<group>";
		};
		6AC158771EBC0CB600892AFA /* Macros */ = {
			isa = PBXGroup;
			children = (
				6AC158781EBC0CEF00892AFA /* SHPlayerDemoColorMacro.h */,
				6AC158791EBC0E8900892AFA /* SHPlayerDemoUtilsMacro.h */,
				6AC1587A1EBC0F3000892AFA /* SHPlayerDemoImportMacro.h */,
			);
			path = Macros;
			sourceTree = "<group>";
		};
		6AC1587B1EBC105E00892AFA /* ProjectClasses */ = {
			isa = PBXGroup;
			children = (
				6AC1587C1EBC10FC00892AFA /* FileBrowser */,
			);
			path = ProjectClasses;
			sourceTree = "<group>";
		};
		6AC1587C1EBC10FC00892AFA /* FileBrowser */ = {
			isa = PBXGroup;
			children = (
				6AC1587D1EBC115A00892AFA /* SHFileBrowserViewController.h */,
				6AC1587E1EBC115A00892AFA /* SHFileBrowserViewController.m */,
			);
			path = FileBrowser;
			sourceTree = "<group>";
		};
		6AFCE7DF1EC00ABD00AA647A /* BaseCell */ = {
			isa = PBXGroup;
			children = (
				6AFCE7E01EC00ABD00AA647A /* CMBaseCollectionViewCell.h */,
				6AFCE7E11EC00ABD00AA647A /* CMBaseCollectionViewCell.m */,
				6AFCE7E21EC00ABD00AA647A /* CMBaseTableViewCell.h */,
				6AFCE7E31EC00ABD00AA647A /* CMBaseTableViewCell.m */,
			);
			path = BaseCell;
			sourceTree = "<group>";
		};
		6AFCE8301EC1B81200AA647A /* Classes */ = {
			isa = PBXGroup;
			children = (
				6AAF3F731EC598F2003A87AD /* SHPlayer.bundle */,
				6AFCE83C1EC306D600AA647A /* SHPlayer.h */,
				6AFCE8311EC1B83B00AA647A /* SHPlayerControlView.h */,
				6AFCE8321EC1B83B00AA647A /* SHPlayerControlView.m */,
				6AAF3F751EC59ADD003A87AD /* SHPlayView.h */,
				6AAF3F761EC59ADD003A87AD /* SHPlayView.m */,
				6AFCE8341EC2FD1C00AA647A /* ASValuePopUpView.h */,
				6AFCE8351EC2FD1C00AA647A /* ASValuePopUpView.m */,
				6AFCE8361EC2FD1C00AA647A /* ASValueTrackingSlider.h */,
				6AFCE8371EC2FD1C00AA647A /* ASValueTrackingSlider.m */,
				6AAF3F701EC54812003A87AD /* MMMaterialDesignSpinner.h */,
				6AAF3F711EC54812003A87AD /* MMMaterialDesignSpinner.m */,
			);
			path = Classes;
			sourceTree = "<group>";
		};
		A8BC77D48891E2D92517DD6B /* Frameworks */ = {
			isa = PBXGroup;
			children = (
				6A2289E01EBABBB0009F8F0A /* VideoToolbox.framework */,
				6A2289DE1EBABBAA009F8F0A /* AudioToolbox.framework */,
				6A2289DC1EBABB9F009F8F0A /* CoreMedia.framework */,
				6A2289DA1EBABB97009F8F0A /* CoreVideo.framework */,
				6A2289D81EBABB92009F8F0A /* CoreAudio.framework */,
				6A2289D61EBABB86009F8F0A /* AVFoundation.framework */,
				6A2289D41EBABB7B009F8F0A /* MediaPlayer.framework */,
				6A2289D21EBABB65009F8F0A /* libstdc++.6.0.9.tbd */,
				6A2289D01EBABB57009F8F0A /* libiconv.2.tbd */,
				6A2289CE1EBABB44009F8F0A /* libc++.1.tbd */,
				6A2289CC1EBABB35009F8F0A /* libz.1.tbd */,
				6A2289CA1EBABB2A009F8F0A /* libbz2.1.0.tbd */,
				AB4EF1ECA39ED37A66A99DE1 /* libPods-SHPlayerDemo.a */,
			);
			name = Frameworks;
			sourceTree = "<group>";
		};
/* End PBXGroup section */

/* Begin PBXNativeTarget section */
		6A2289791EB9B1B7009F8F0A /* SHPlayerDemo */ = {
			isa = PBXNativeTarget;
			buildConfigurationList = 6A2289911EB9B1B7009F8F0A /* Build configuration list for PBXNativeTarget "SHPlayerDemo" */;
			buildPhases = (
				C92C1ABC3B34171B3D1FD690 /* [CP] Check Pods Manifest.lock */,
				6A2289761EB9B1B7009F8F0A /* Sources */,
				6A2289771EB9B1B7009F8F0A /* Frameworks */,
				6A2289781EB9B1B7009F8F0A /* Resources */,
				E7CF4F86173BECAA8B93B204 /* [CP] Embed Pods Frameworks */,
				B7BBED44747CD2EC6196F6F8 /* [CP] Copy Pods Resources */,
			);
			buildRules = (
			);
			dependencies = (
			);
			name = SHPlayerDemo;
			productName = SHPlayerDemo;
			productReference = 6A22897A1EB9B1B7009F8F0A /* SHPlayerDemo.app */;
			productType = "com.apple.product-type.application";
		};
/* End PBXNativeTarget section */

/* Begin PBXProject section */
		6A2289721EB9B1B7009F8F0A /* Project object */ = {
			isa = PBXProject;
			attributes = {
				CLASSPREFIX = SH;
				LastUpgradeCheck = 0830;
				ORGANIZATIONNAME = Tristan;
				TargetAttributes = {
					6A2289791EB9B1B7009F8F0A = {
						CreatedOnToolsVersion = 8.3.2;
						ProvisioningStyle = Automatic;
					};
				};
			};
			buildConfigurationList = 6A2289751EB9B1B7009F8F0A /* Build configuration list for PBXProject "SHPlayerDemo" */;
			compatibilityVersion = "Xcode 3.2";
			developmentRegion = English;
			hasScannedForEncodings = 0;
			knownRegions = (
				en,
				Base,
			);
			mainGroup = 6A2289711EB9B1B7009F8F0A;
			productRefGroup = 6A22897B1EB9B1B7009F8F0A /* Products */;
			projectDirPath = "";
			projectRoot = "";
			targets = (
				6A2289791EB9B1B7009F8F0A /* SHPlayerDemo */,
			);
		};
/* End PBXProject section */

/* Begin PBXResourcesBuildPhase section */
		6A2289781EB9B1B7009F8F0A /* Resources */ = {
			isa = PBXResourcesBuildPhase;
			buildActionMask = 2147483647;
			files = (
				6A22898D1EB9B1B7009F8F0A /* LaunchScreen.storyboard in Resources */,
				6A22898A1EB9B1B7009F8F0A /* Assets.xcassets in Resources */,
				6AAF3F741EC598F2003A87AD /* SHPlayer.bundle in Resources */,
			);
			runOnlyForDeploymentPostprocessing = 0;
		};
/* End PBXResourcesBuildPhase section */

/* Begin PBXShellScriptBuildPhase section */
		B7BBED44747CD2EC6196F6F8 /* [CP] Copy Pods Resources */ = {
			isa = PBXShellScriptBuildPhase;
			buildActionMask = 2147483647;
			files = (
			);
			inputPaths = (
			);
			name = "[CP] Copy Pods Resources";
			outputPaths = (
			);
			runOnlyForDeploymentPostprocessing = 0;
			shellPath = /bin/sh;
			shellScript = "\"${SRCROOT}/Pods/Target Support Files/Pods-SHPlayerDemo/Pods-SHPlayerDemo-resources.sh\"\n";
			showEnvVarsInLog = 0;
		};
		C92C1ABC3B34171B3D1FD690 /* [CP] Check Pods Manifest.lock */ = {
			isa = PBXShellScriptBuildPhase;
			buildActionMask = 2147483647;
			files = (
			);
			inputPaths = (
			);
			name = "[CP] Check Pods Manifest.lock";
			outputPaths = (
			);
			runOnlyForDeploymentPostprocessing = 0;
			shellPath = /bin/sh;
			shellScript = "diff \"${PODS_PODFILE_DIR_PATH}/Podfile.lock\" \"${PODS_ROOT}/Manifest.lock\" > /dev/null\nif [ $? != 0 ] ; then\n    # print error to STDERR\n    echo \"error: The sandbox is not in sync with the Podfile.lock. Run 'pod install' or update your CocoaPods installation.\" >&2\n    exit 1\nfi\n";
			showEnvVarsInLog = 0;
		};
		E7CF4F86173BECAA8B93B204 /* [CP] Embed Pods Frameworks */ = {
			isa = PBXShellScriptBuildPhase;
			buildActionMask = 2147483647;
			files = (
			);
			inputPaths = (
			);
			name = "[CP] Embed Pods Frameworks";
			outputPaths = (
			);
			runOnlyForDeploymentPostprocessing = 0;
			shellPath = /bin/sh;
			shellScript = "\"${SRCROOT}/Pods/Target Support Files/Pods-SHPlayerDemo/Pods-SHPlayerDemo-frameworks.sh\"\n";
			showEnvVarsInLog = 0;
		};
/* End PBXShellScriptBuildPhase section */

/* Begin PBXSourcesBuildPhase section */
		6A2289761EB9B1B7009F8F0A /* Sources */ = {
			isa = PBXSourcesBuildPhase;
			buildActionMask = 2147483647;
			files = (
				6AC1586E1EBC0A4100892AFA /* CMBaseCollectionViewController.m in Sources */,
				6AC158751EBC0A4100892AFA /* CMBaseViewController.m in Sources */,
				6AFCE8331EC1B83B00AA647A /* SHPlayerControlView.m in Sources */,
				6AC158731EBC0A4100892AFA /* CMMultipleSectionTableViewController.m in Sources */,
				6AC1586D1EBC0A4100892AFA /* AppDelegate.m in Sources */,
				6AC158711EBC0A4100892AFA /* CMBasePullTableVIewViewController.m in Sources */,
				6AC158701EBC0A4100892AFA /* CMBaseSearchDisplayViewController.m in Sources */,
				6AC158741EBC0A4100892AFA /* WJTableViewDataSource.m in Sources */,
				6AFCE7E41EC00ABD00AA647A /* CMBaseCollectionViewCell.m in Sources */,
				6AAF3F771EC59ADD003A87AD /* SHPlayView.m in Sources */,
				6AFCE8391EC2FD1C00AA647A /* ASValueTrackingSlider.m in Sources */,
				6AC1587F1EBC115A00892AFA /* SHFileBrowserViewController.m in Sources */,
				6AC1586F1EBC0A4100892AFA /* CMBaseNavigationController.m in Sources */,
				6AAF3F721EC54812003A87AD /* MMMaterialDesignSpinner.m in Sources */,
				6AFCE8381EC2FD1C00AA647A /* ASValuePopUpView.m in Sources */,
				6A22897F1EB9B1B7009F8F0A /* main.m in Sources */,
				6AC158721EBC0A4100892AFA /* CMBaseTableViewController.m in Sources */,
				6AFCE7E51EC00ABD00AA647A /* CMBaseTableViewCell.m in Sources */,
			);
			runOnlyForDeploymentPostprocessing = 0;
		};
/* End PBXSourcesBuildPhase section */

/* Begin PBXVariantGroup section */
		6A22898B1EB9B1B7009F8F0A /* LaunchScreen.storyboard */ = {
			isa = PBXVariantGroup;
			children = (
				6A22898C1EB9B1B7009F8F0A /* Base */,
			);
			name = LaunchScreen.storyboard;
			sourceTree = "<group>";
		};
/* End PBXVariantGroup section */

/* Begin XCBuildConfiguration section */
		6A22898F1EB9B1B7009F8F0A /* Debug */ = {
			isa = XCBuildConfiguration;
			buildSettings = {
				ALWAYS_SEARCH_USER_PATHS = NO;
				CLANG_ANALYZER_NONNULL = YES;
				CLANG_ANALYZER_NUMBER_OBJECT_CONVERSION = YES_AGGRESSIVE;
				CLANG_CXX_LANGUAGE_STANDARD = "gnu++0x";
				CLANG_CXX_LIBRARY = "libc++";
				CLANG_ENABLE_MODULES = YES;
				CLANG_ENABLE_OBJC_ARC = YES;
				CLANG_WARN_BOOL_CONVERSION = YES;
				CLANG_WARN_CONSTANT_CONVERSION = YES;
				CLANG_WARN_DIRECT_OBJC_ISA_USAGE = YES_ERROR;
				CLANG_WARN_DOCUMENTATION_COMMENTS = YES;
				CLANG_WARN_EMPTY_BODY = YES;
				CLANG_WARN_ENUM_CONVERSION = YES;
				CLANG_WARN_INFINITE_RECURSION = YES;
				CLANG_WARN_INT_CONVERSION = YES;
				CLANG_WARN_OBJC_ROOT_CLASS = YES_ERROR;
				CLANG_WARN_SUSPICIOUS_MOVE = YES;
				CLANG_WARN_UNREACHABLE_CODE = YES;
				CLANG_WARN__DUPLICATE_METHOD_MATCH = YES;
				"CODE_SIGN_IDENTITY[sdk=iphoneos*]" = "iPhone Developer";
				COPY_PHASE_STRIP = NO;
				DEBUG_INFORMATION_FORMAT = dwarf;
				ENABLE_STRICT_OBJC_MSGSEND = YES;
				ENABLE_TESTABILITY = YES;
				GCC_C_LANGUAGE_STANDARD = gnu99;
				GCC_DYNAMIC_NO_PIC = NO;
				GCC_NO_COMMON_BLOCKS = YES;
				GCC_OPTIMIZATION_LEVEL = 0;
				GCC_PREPROCESSOR_DEFINITIONS = (
					"DEBUG=1",
					"$(inherited)",
				);
				GCC_WARN_64_TO_32_BIT_CONVERSION = YES;
				GCC_WARN_ABOUT_RETURN_TYPE = YES_ERROR;
				GCC_WARN_UNDECLARED_SELECTOR = YES;
				GCC_WARN_UNINITIALIZED_AUTOS = YES_AGGRESSIVE;
				GCC_WARN_UNUSED_FUNCTION = YES;
				GCC_WARN_UNUSED_VARIABLE = YES;
				IPHONEOS_DEPLOYMENT_TARGET = 10.3;
				MTL_ENABLE_DEBUG_INFO = YES;
				ONLY_ACTIVE_ARCH = YES;
				SDKROOT = iphoneos;
				TARGETED_DEVICE_FAMILY = "1,2";
			};
			name = Debug;
		};
		6A2289901EB9B1B7009F8F0A /* Release */ = {
			isa = XCBuildConfiguration;
			buildSettings = {
				ALWAYS_SEARCH_USER_PATHS = NO;
				CLANG_ANALYZER_NONNULL = YES;
				CLANG_ANALYZER_NUMBER_OBJECT_CONVERSION = YES_AGGRESSIVE;
				CLANG_CXX_LANGUAGE_STANDARD = "gnu++0x";
				CLANG_CXX_LIBRARY = "libc++";
				CLANG_ENABLE_MODULES = YES;
				CLANG_ENABLE_OBJC_ARC = YES;
				CLANG_WARN_BOOL_CONVERSION = YES;
				CLANG_WARN_CONSTANT_CONVERSION = YES;
				CLANG_WARN_DIRECT_OBJC_ISA_USAGE = YES_ERROR;
				CLANG_WARN_DOCUMENTATION_COMMENTS = YES;
				CLANG_WARN_EMPTY_BODY = YES;
				CLANG_WARN_ENUM_CONVERSION = YES;
				CLANG_WARN_INFINITE_RECURSION = YES;
				CLANG_WARN_INT_CONVERSION = YES;
				CLANG_WARN_OBJC_ROOT_CLASS = YES_ERROR;
				CLANG_WARN_SUSPICIOUS_MOVE = YES;
				CLANG_WARN_UNREACHABLE_CODE = YES;
				CLANG_WARN__DUPLICATE_METHOD_MATCH = YES;
				"CODE_SIGN_IDENTITY[sdk=iphoneos*]" = "iPhone Developer";
				COPY_PHASE_STRIP = NO;
				DEBUG_INFORMATION_FORMAT = "dwarf-with-dsym";
				ENABLE_NS_ASSERTIONS = NO;
				ENABLE_STRICT_OBJC_MSGSEND = YES;
				GCC_C_LANGUAGE_STANDARD = gnu99;
				GCC_NO_COMMON_BLOCKS = YES;
				GCC_WARN_64_TO_32_BIT_CONVERSION = YES;
				GCC_WARN_ABOUT_RETURN_TYPE = YES_ERROR;
				GCC_WARN_UNDECLARED_SELECTOR = YES;
				GCC_WARN_UNINITIALIZED_AUTOS = YES_AGGRESSIVE;
				GCC_WARN_UNUSED_FUNCTION = YES;
				GCC_WARN_UNUSED_VARIABLE = YES;
				IPHONEOS_DEPLOYMENT_TARGET = 10.3;
				MTL_ENABLE_DEBUG_INFO = NO;
				SDKROOT = iphoneos;
				TARGETED_DEVICE_FAMILY = "1,2";
				VALIDATE_PRODUCT = YES;
			};
			name = Release;
		};
		6A2289921EB9B1B7009F8F0A /* Debug */ = {
			isa = XCBuildConfiguration;
			baseConfigurationReference = 81C8B53559F3CE37061A3199 /* Pods-SHPlayerDemo.debug.xcconfig */;
			buildSettings = {
				ASSETCATALOG_COMPILER_APPICON_NAME = AppIcon;
				CLANG_CXX_LIBRARY = "libstdc++";
				FRAMEWORK_SEARCH_PATHS = "$(SRCROOT)/../SHPlayer/Frameworks";
				GCC_PRECOMPILE_PREFIX_HEADER = YES;
				GCC_PREFIX_HEADER = "$(SRCROOT)/SHPlayerDemo/SHPlayerDemoPrefixHeader.pch";
				INFOPLIST_FILE = SHPlayerDemo/Info.plist;
				IPHONEOS_DEPLOYMENT_TARGET = 8.0;
				LD_RUNPATH_SEARCH_PATHS = "$(inherited) @executable_path/Frameworks";
				PRODUCT_BUNDLE_IDENTIFIER = Tristan.SHPlayerDemo;
				PRODUCT_NAME = "$(TARGET_NAME)";
			};
			name = Debug;
		};
		6A2289931EB9B1B7009F8F0A /* Release */ = {
			isa = XCBuildConfiguration;
			baseConfigurationReference = 7B9419D7EC80E1D19779D71E /* Pods-SHPlayerDemo.release.xcconfig */;
			buildSettings = {
				ASSETCATALOG_COMPILER_APPICON_NAME = AppIcon;
				CLANG_CXX_LIBRARY = "libstdc++";
				FRAMEWORK_SEARCH_PATHS = "$(SRCROOT)/../SHPlayer/Frameworks";
				GCC_PRECOMPILE_PREFIX_HEADER = YES;
				GCC_PREFIX_HEADER = "$(SRCROOT)/SHPlayerDemo/SHPlayerDemoPrefixHeader.pch";
				INFOPLIST_FILE = SHPlayerDemo/Info.plist;
				IPHONEOS_DEPLOYMENT_TARGET = 8.0;
				LD_RUNPATH_SEARCH_PATHS = "$(inherited) @executable_path/Frameworks";
				PRODUCT_BUNDLE_IDENTIFIER = Tristan.SHPlayerDemo;
				PRODUCT_NAME = "$(TARGET_NAME)";
			};
			name = Release;
		};
/* End XCBuildConfiguration section */

/* Begin XCConfigurationList section */
		6A2289751EB9B1B7009F8F0A /* Build configuration list for PBXProject "SHPlayerDemo" */ = {
			isa = XCConfigurationList;
			buildConfigurations = (
				6A22898F1EB9B1B7009F8F0A /* Debug */,
				6A2289901EB9B1B7009F8F0A /* Release */,
			);
			defaultConfigurationIsVisible = 0;
			defaultConfigurationName = Release;
		};
		6A2289911EB9B1B7009F8F0A /* Build configuration list for PBXNativeTarget "SHPlayerDemo" */ = {
			isa = XCConfigurationList;
			buildConfigurations = (
				6A2289921EB9B1B7009F8F0A /* Debug */,
				6A2289931EB9B1B7009F8F0A /* Release */,
			);
			defaultConfigurationIsVisible = 0;
			defaultConfigurationName = Release;
		};
/* End XCConfigurationList section */
	};
	rootObject = 6A2289721EB9B1B7009F8F0A /* Project object */;
}
