// !$*UTF8*$!
{
	archiveVersion = 1;
	classes = {
	};
	objectVersion = 46;
	objects = {

/* Begin PBXBuildFile section */
		6A22897F1EB9B1B7009F8F0A /* main.m in Sources */ = {isa = PBXBuildFile; fileRef = 6A22897E1EB9B1B7009F8F0A /* main.m */; };
		6A2289821EB9B1B7009F8F0A /* AppDelegate.m in Sources */ = {isa = PBXBuildFile; fileRef = 6A2289811EB9B1B7009F8F0A /* AppDelegate.m */; };
		6A2289851EB9B1B7009F8F0A /* ViewController.m in Sources */ = {isa = PBXBuildFile; fileRef = 6A2289841EB9B1B7009F8F0A /* ViewController.m */; };
		6A2289881EB9B1B7009F8F0A /* Main.storyboard in Resources */ = {isa = PBXBuildFile; fileRef = 6A2289861EB9B1B7009F8F0A /* Main.storyboard */; };
		6A22898A1EB9B1B7009F8F0A /* Assets.xcassets in Resources */ = {isa = PBXBuildFile; fileRef = 6A2289891EB9B1B7009F8F0A /* Assets.xcassets */; };
		6A22898D1EB9B1B7009F8F0A /* LaunchScreen.storyboard in Resources */ = {isa = PBXBuildFile; fileRef = 6A22898B1EB9B1B7009F8F0A /* LaunchScreen.storyboard */; };
		F09E41C8512BD0A4320F958A /* libPods-SHPlayerDemo.a in Frameworks */ = {isa = PBXBuildFile; fileRef = AB4EF1ECA39ED37A66A99DE1 /* libPods-SHPlayerDemo.a */; };
/* End PBXBuildFile section */

/* Begin PBXFileReference section */
		6A22897A1EB9B1B7009F8F0A /* SHPlayerDemo.app */ = {isa = PBXFileReference; explicitFileType = wrapper.application; includeInIndex = 0; path = SHPlayerDemo.app; sourceTree = BUILT_PRODUCTS_DIR; };
		6A22897E1EB9B1B7009F8F0A /* main.m */ = {isa = PBXFileReference; lastKnownFileType = sourcecode.c.objc; path = main.m; sourceTree = "<group>"; };
		6A2289801EB9B1B7009F8F0A /* AppDelegate.h */ = {isa = PBXFileReference; lastKnownFileType = sourcecode.c.h; path = AppDelegate.h; sourceTree = "<group>"; };
		6A2289811EB9B1B7009F8F0A /* AppDelegate.m */ = {isa = PBXFileReference; lastKnownFileType = sourcecode.c.objc; path = AppDelegate.m; sourceTree = "<group>"; };
		6A2289831EB9B1B7009F8F0A /* ViewController.h */ = {isa = PBXFileReference; lastKnownFileType = sourcecode.c.h; path = ViewController.h; sourceTree = "<group>"; };
		6A2289841EB9B1B7009F8F0A /* ViewController.m */ = {isa = PBXFileReference; lastKnownFileType = sourcecode.c.objc; path = ViewController.m; sourceTree = "<group>"; };
		6A2289871EB9B1B7009F8F0A /* Base */ = {isa = PBXFileReference; lastKnownFileType = file.storyboard; name = Base; path = Base.lproj/Main.storyboard; sourceTree = "<group>"; };
		6A2289891EB9B1B7009F8F0A /* Assets.xcassets */ = {isa = PBXFileReference; lastKnownFileType = folder.assetcatalog; path = Assets.xcassets; sourceTree = "<group>"; };
		6A22898C1EB9B1B7009F8F0A /* Base */ = {isa = PBXFileReference; lastKnownFileType = file.storyboard; name = Base; path = Base.lproj/LaunchScreen.storyboard; sourceTree = "<group>"; };
		6A22898E1EB9B1B7009F8F0A /* Info.plist */ = {isa = PBXFileReference; lastKnownFileType = text.plist.xml; path = Info.plist; sourceTree = "<group>"; };
		7B9419D7EC80E1D19779D71E /* Pods-SHPlayerDemo.release.xcconfig */ = {isa = PBXFileReference; includeInIndex = 1; lastKnownFileType = text.xcconfig; name = "Pods-SHPlayerDemo.release.xcconfig"; path = "Pods/Target Support Files/Pods-SHPlayerDemo/Pods-SHPlayerDemo.release.xcconfig"; sourceTree = "<group>"; };
		81C8B53559F3CE37061A3199 /* Pods-SHPlayerDemo.debug.xcconfig */ = {isa = PBXFileReference; includeInIndex = 1; lastKnownFileType = text.xcconfig; name = "Pods-SHPlayerDemo.debug.xcconfig"; path = "Pods/Target Support Files/Pods-SHPlayerDemo/Pods-SHPlayerDemo.debug.xcconfig"; sourceTree = "<group>"; };
		AB4EF1ECA39ED37A66A99DE1 /* libPods-SHPlayerDemo.a */ = {isa = PBXFileReference; explicitFileType = archive.ar; includeInIndex = 0; path = "libPods-SHPlayerDemo.a"; sourceTree = BUILT_PRODUCTS_DIR; };
/* End PBXFileReference section */

/* Begin PBXFrameworksBuildPhase section */
		6A2289771EB9B1B7009F8F0A /* Frameworks */ = {
			isa = PBXFrameworksBuildPhase;
			buildActionMask = 2147483647;
			files = (
				F09E41C8512BD0A4320F958A /* libPods-SHPlayerDemo.a in Frameworks */,
			);
			runOnlyForDeploymentPostprocessing = 0;
		};
/* End PBXFrameworksBuildPhase section */

/* Begin PBXGroup section */
		097037433718B9A82F7E88E5 /* Pods */ = {
			isa = PBXGroup;
			children = (
				81C8B53559F3CE37061A3199 /* Pods-SHPlayerDemo.debug.xcconfig */,
				7B9419D7EC80E1D19779D71E /* Pods-SHPlayerDemo.release.xcconfig */,
			);
			name = Pods;
			sourceTree = "<group>";
		};
		6A2289711EB9B1B7009F8F0A = {
			isa = PBXGroup;
			children = (
				6A2289A71EB9B3A5009F8F0A /* SHPlayer */,
				6A22897C1EB9B1B7009F8F0A /* SHPlayerDemo */,
				6A22897B1EB9B1B7009F8F0A /* Products */,
				097037433718B9A82F7E88E5 /* Pods */,
				A8BC77D48891E2D92517DD6B /* Frameworks */,
			);
			sourceTree = "<group>";
		};
		6A22897B1EB9B1B7009F8F0A /* Products */ = {
			isa = PBXGroup;
			children = (
				6A22897A1EB9B1B7009F8F0A /* SHPlayerDemo.app */,
			);
			name = Products;
			sourceTree = "<group>";
		};
		6A22897C1EB9B1B7009F8F0A /* SHPlayerDemo */ = {
			isa = PBXGroup;
			children = (
				6A2289801EB9B1B7009F8F0A /* AppDelegate.h */,
				6A2289811EB9B1B7009F8F0A /* AppDelegate.m */,
				6A2289831EB9B1B7009F8F0A /* ViewController.h */,
				6A2289841EB9B1B7009F8F0A /* ViewController.m */,
				6A2289861EB9B1B7009F8F0A /* Main.storyboard */,
				6A2289891EB9B1B7009F8F0A /* Assets.xcassets */,
				6A22898B1EB9B1B7009F8F0A /* LaunchScreen.storyboard */,
				6A22898E1EB9B1B7009F8F0A /* Info.plist */,
				6A22897D1EB9B1B7009F8F0A /* Supporting Files */,
			);
			path = SHPlayerDemo;
			sourceTree = "<group>";
		};
		6A22897D1EB9B1B7009F8F0A /* Supporting Files */ = {
			isa = PBXGroup;
			children = (
				6A22897E1EB9B1B7009F8F0A /* main.m */,
			);
			name = "Supporting Files";
			sourceTree = "<group>";
		};
		6A2289A71EB9B3A5009F8F0A /* SHPlayer */ = {
			isa = PBXGroup;
			children = (
			);
			name = SHPlayer;
			path = ../SHPlayer;
			sourceTree = "<group>";
		};
		A8BC77D48891E2D92517DD6B /* Frameworks */ = {
			isa = PBXGroup;
			children = (
				AB4EF1ECA39ED37A66A99DE1 /* libPods-SHPlayerDemo.a */,
			);
			name = Frameworks;
			sourceTree = "<group>";
		};
/* End PBXGroup section */

/* Begin PBXNativeTarget section */
		6A2289791EB9B1B7009F8F0A /* SHPlayerDemo */ = {
			isa = PBXNativeTarget;
			buildConfigurationList = 6A2289911EB9B1B7009F8F0A /* Build configuration list for PBXNativeTarget "SHPlayerDemo" */;
			buildPhases = (
				C92C1ABC3B34171B3D1FD690 /* [CP] Check Pods Manifest.lock */,
				6A2289761EB9B1B7009F8F0A /* Sources */,
				6A2289771EB9B1B7009F8F0A /* Frameworks */,
				6A2289781EB9B1B7009F8F0A /* Resources */,
				E7CF4F86173BECAA8B93B204 /* [CP] Embed Pods Frameworks */,
				B7BBED44747CD2EC6196F6F8 /* [CP] Copy Pods Resources */,
			);
			buildRules = (
			);
			dependencies = (
			);
			name = SHPlayerDemo;
			productName = SHPlayerDemo;
			productReference = 6A22897A1EB9B1B7009F8F0A /* SHPlayerDemo.app */;
			productType = "com.apple.product-type.application";
		};
/* End PBXNativeTarget section */

/* Begin PBXProject section */
		6A2289721EB9B1B7009F8F0A /* Project object */ = {
			isa = PBXProject;
			attributes = {
				LastUpgradeCheck = 0830;
				ORGANIZATIONNAME = Tristan;
				TargetAttributes = {
					6A2289791EB9B1B7009F8F0A = {
						CreatedOnToolsVersion = 8.3.2;
						ProvisioningStyle = Automatic;
					};
				};
			};
			buildConfigurationList = 6A2289751EB9B1B7009F8F0A /* Build configuration list for PBXProject "SHPlayerDemo" */;
			compatibilityVersion = "Xcode 3.2";
			developmentRegion = English;
			hasScannedForEncodings = 0;
			knownRegions = (
				en,
				Base,
			);
			mainGroup = 6A2289711EB9B1B7009F8F0A;
			productRefGroup = 6A22897B1EB9B1B7009F8F0A /* Products */;
			projectDirPath = "";
			projectRoot = "";
			targets = (
				6A2289791EB9B1B7009F8F0A /* SHPlayerDemo */,
			);
		};
/* End PBXProject section */

/* Begin PBXResourcesBuildPhase section */
		6A2289781EB9B1B7009F8F0A /* Resources */ = {
			isa = PBXResourcesBuildPhase;
			buildActionMask = 2147483647;
			files = (
				6A22898D1EB9B1B7009F8F0A /* LaunchScreen.storyboard in Resources */,
				6A22898A1EB9B1B7009F8F0A /* Assets.xcassets in Resources */,
				6A2289881EB9B1B7009F8F0A /* Main.storyboard in Resources */,
			);
			runOnlyForDeploymentPostprocessing = 0;
		};
/* End PBXResourcesBuildPhase section */

/* Begin PBXShellScriptBuildPhase section */
		B7BBED44747CD2EC6196F6F8 /* [CP] Copy Pods Resources */ = {
			isa = PBXShellScriptBuildPhase;
			buildActionMask = 2147483647;
			files = (
			);
			inputPaths = (
			);
			name = "[CP] Copy Pods Resources";
			outputPaths = (
			);
			runOnlyForDeploymentPostprocessing = 0;
			shellPath = /bin/sh;
			shellScript = "\"${SRCROOT}/Pods/Target Support Files/Pods-SHPlayerDemo/Pods-SHPlayerDemo-resources.sh\"\n";
			showEnvVarsInLog = 0;
		};
		C92C1ABC3B34171B3D1FD690 /* [CP] Check Pods Manifest.lock */ = {
			isa = PBXShellScriptBuildPhase;
			buildActionMask = 2147483647;
			files = (
			);
			inputPaths = (
			);
			name = "[CP] Check Pods Manifest.lock";
			outputPaths = (
			);
			runOnlyForDeploymentPostprocessing = 0;
			shellPath = /bin/sh;
			shellScript = "diff \"${PODS_PODFILE_DIR_PATH}/Podfile.lock\" \"${PODS_ROOT}/Manifest.lock\" > /dev/null\nif [ $? != 0 ] ; then\n    # print error to STDERR\n    echo \"error: The sandbox is not in sync with the Podfile.lock. Run 'pod install' or update your CocoaPods installation.\" >&2\n    exit 1\nfi\n";
			showEnvVarsInLog = 0;
		};
		E7CF4F86173BECAA8B93B204 /* [CP] Embed Pods Frameworks */ = {
			isa = PBXShellScriptBuildPhase;
			buildActionMask = 2147483647;
			files = (
			);
			inputPaths = (
			);
			name = "[CP] Embed Pods Frameworks";
			outputPaths = (
			);
			runOnlyForDeploymentPostprocessing = 0;
			shellPath = /bin/sh;
			shellScript = "\"${SRCROOT}/Pods/Target Support Files/Pods-SHPlayerDemo/Pods-SHPlayerDemo-frameworks.sh\"\n";
			showEnvVarsInLog = 0;
		};
/* End PBXShellScriptBuildPhase section */

/* Begin PBXSourcesBuildPhase section */
		6A2289761EB9B1B7009F8F0A /* Sources */ = {
			isa = PBXSourcesBuildPhase;
			buildActionMask = 2147483647;
			files = (
				6A2289851EB9B1B7009F8F0A /* ViewController.m in Sources */,
				6A2289821EB9B1B7009F8F0A /* AppDelegate.m in Sources */,
				6A22897F1EB9B1B7009F8F0A /* main.m in Sources */,
			);
			runOnlyForDeploymentPostprocessing = 0;
		};
/* End PBXSourcesBuildPhase section */

/* Begin PBXVariantGroup section */
		6A2289861EB9B1B7009F8F0A /* Main.storyboard */ = {
			isa = PBXVariantGroup;
			children = (
				6A2289871EB9B1B7009F8F0A /* Base */,
			);
			name = Main.storyboard;
			sourceTree = "<group>";
		};
		6A22898B1EB9B1B7009F8F0A /* LaunchScreen.storyboard */ = {
			isa = PBXVariantGroup;
			children = (
				6A22898C1EB9B1B7009F8F0A /* Base */,
			);
			name = LaunchScreen.storyboard;
			sourceTree = "<group>";
		};
/* End PBXVariantGroup section */

/* Begin XCBuildConfiguration section */
		6A22898F1EB9B1B7009F8F0A /* Debug */ = {
			isa = XCBuildConfiguration;
			buildSettings = {
				ALWAYS_SEARCH_USER_PATHS = NO;
				CLANG_ANALYZER_NONNULL = YES;
				CLANG_ANALYZER_NUMBER_OBJECT_CONVERSION = YES_AGGRESSIVE;
				CLANG_CXX_LANGUAGE_STANDARD = "gnu++0x";
				CLANG_CXX_LIBRARY = "libc++";
				CLANG_ENABLE_MODULES = YES;
				CLANG_ENABLE_OBJC_ARC = YES;
				CLANG_WARN_BOOL_CONVERSION = YES;
				CLANG_WARN_CONSTANT_CONVERSION = YES;
				CLANG_WARN_DIRECT_OBJC_ISA_USAGE = YES_ERROR;
				CLANG_WARN_DOCUMENTATION_COMMENTS = YES;
				CLANG_WARN_EMPTY_BODY = YES;
				CLANG_WARN_ENUM_CONVERSION = YES;
				CLANG_WARN_INFINITE_RECURSION = YES;
				CLANG_WARN_INT_CONVERSION = YES;
				CLANG_WARN_OBJC_ROOT_CLASS = YES_ERROR;
				CLANG_WARN_SUSPICIOUS_MOVE = YES;
				CLANG_WARN_UNREACHABLE_CODE = YES;
				CLANG_WARN__DUPLICATE_METHOD_MATCH = YES;
				"CODE_SIGN_IDENTITY[sdk=iphoneos*]" = "iPhone Developer";
				COPY_PHASE_STRIP = NO;
				DEBUG_INFORMATION_FORMAT = dwarf;
				ENABLE_STRICT_OBJC_MSGSEND = YES;
				ENABLE_TESTABILITY = YES;
				GCC_C_LANGUAGE_STANDARD = gnu99;
				GCC_DYNAMIC_NO_PIC = NO;
				GCC_NO_COMMON_BLOCKS = YES;
				GCC_OPTIMIZATION_LEVEL = 0;
				GCC_PREPROCESSOR_DEFINITIONS = (
					"DEBUG=1",
					"$(inherited)",
				);
				GCC_WARN_64_TO_32_BIT_CONVERSION = YES;
				GCC_WARN_ABOUT_RETURN_TYPE = YES_ERROR;
				GCC_WARN_UNDECLARED_SELECTOR = YES;
				GCC_WARN_UNINITIALIZED_AUTOS = YES_AGGRESSIVE;
				GCC_WARN_UNUSED_FUNCTION = YES;
				GCC_WARN_UNUSED_VARIABLE = YES;
				IPHONEOS_DEPLOYMENT_TARGET = 10.3;
				MTL_ENABLE_DEBUG_INFO = YES;
				ONLY_ACTIVE_ARCH = YES;
				SDKROOT = iphoneos;
				TARGETED_DEVICE_FAMILY = "1,2";
			};
			name = Debug;
		};
		6A2289901EB9B1B7009F8F0A /* Release */ = {
			isa = XCBuildConfiguration;
			buildSettings = {
				ALWAYS_SEARCH_USER_PATHS = NO;
				CLANG_ANALYZER_NONNULL = YES;
				CLANG_ANALYZER_NUMBER_OBJECT_CONVERSION = YES_AGGRESSIVE;
				CLANG_CXX_LANGUAGE_STANDARD = "gnu++0x";
				CLANG_CXX_LIBRARY = "libc++";
				CLANG_ENABLE_MODULES = YES;
				CLANG_ENABLE_OBJC_ARC = YES;
				CLANG_WARN_BOOL_CONVERSION = YES;
				CLANG_WARN_CONSTANT_CONVERSION = YES;
				CLANG_WARN_DIRECT_OBJC_ISA_USAGE = YES_ERROR;
				CLANG_WARN_DOCUMENTATION_COMMENTS = YES;
				CLANG_WARN_EMPTY_BODY = YES;
				CLANG_WARN_ENUM_CONVERSION = YES;
				CLANG_WARN_INFINITE_RECURSION = YES;
				CLANG_WARN_INT_CONVERSION = YES;
				CLANG_WARN_OBJC_ROOT_CLASS = YES_ERROR;
				CLANG_WARN_SUSPICIOUS_MOVE = YES;
				CLANG_WARN_UNREACHABLE_CODE = YES;
				CLANG_WARN__DUPLICATE_METHOD_MATCH = YES;
				"CODE_SIGN_IDENTITY[sdk=iphoneos*]" = "iPhone Developer";
				COPY_PHASE_STRIP = NO;
				DEBUG_INFORMATION_FORMAT = "dwarf-with-dsym";
				ENABLE_NS_ASSERTIONS = NO;
				ENABLE_STRICT_OBJC_MSGSEND = YES;
				GCC_C_LANGUAGE_STANDARD = gnu99;
				GCC_NO_COMMON_BLOCKS = YES;
				GCC_WARN_64_TO_32_BIT_CONVERSION = YES;
				GCC_WARN_ABOUT_RETURN_TYPE = YES_ERROR;
				GCC_WARN_UNDECLARED_SELECTOR = YES;
				GCC_WARN_UNINITIALIZED_AUTOS = YES_AGGRESSIVE;
				GCC_WARN_UNUSED_FUNCTION = YES;
				GCC_WARN_UNUSED_VARIABLE = YES;
				IPHONEOS_DEPLOYMENT_TARGET = 10.3;
				MTL_ENABLE_DEBUG_INFO = NO;
				SDKROOT = iphoneos;
				TARGETED_DEVICE_FAMILY = "1,2";
				VALIDATE_PRODUCT = YES;
			};
			name = Release;
		};
		6A2289921EB9B1B7009F8F0A /* Debug */ = {
			isa = XCBuildConfiguration;
			baseConfigurationReference = 81C8B53559F3CE37061A3199 /* Pods-SHPlayerDemo.debug.xcconfig */;
			buildSettings = {
				ASSETCATALOG_COMPILER_APPICON_NAME = AppIcon;
				INFOPLIST_FILE = SHPlayerDemo/Info.plist;
				IPHONEOS_DEPLOYMENT_TARGET = 8.0;
				LD_RUNPATH_SEARCH_PATHS = "$(inherited) @executable_path/Frameworks";
				PRODUCT_BUNDLE_IDENTIFIER = Tristan.SHPlayerDemo;
				PRODUCT_NAME = "$(TARGET_NAME)";
			};
			name = Debug;
		};
		6A2289931EB9B1B7009F8F0A /* Release */ = {
			isa = XCBuildConfiguration;
			baseConfigurationReference = 7B9419D7EC80E1D19779D71E /* Pods-SHPlayerDemo.release.xcconfig */;
			buildSettings = {
				ASSETCATALOG_COMPILER_APPICON_NAME = AppIcon;
				INFOPLIST_FILE = SHPlayerDemo/Info.plist;
				IPHONEOS_DEPLOYMENT_TARGET = 8.0;
				LD_RUNPATH_SEARCH_PATHS = "$(inherited) @executable_path/Frameworks";
				PRODUCT_BUNDLE_IDENTIFIER = Tristan.SHPlayerDemo;
				PRODUCT_NAME = "$(TARGET_NAME)";
			};
			name = Release;
		};
/* End XCBuildConfiguration section */

/* Begin XCConfigurationList section */
		6A2289751EB9B1B7009F8F0A /* Build configuration list for PBXProject "SHPlayerDemo" */ = {
			isa = XCConfigurationList;
			buildConfigurations = (
				6A22898F1EB9B1B7009F8F0A /* Debug */,
				6A2289901EB9B1B7009F8F0A /* Release */,
			);
			defaultConfigurationIsVisible = 0;
			defaultConfigurationName = Release;
		};
		6A2289911EB9B1B7009F8F0A /* Build configuration list for PBXNativeTarget "SHPlayerDemo" */ = {
			isa = XCConfigurationList;
			buildConfigurations = (
				6A2289921EB9B1B7009F8F0A /* Debug */,
				6A2289931EB9B1B7009F8F0A /* Release */,
			);
			defaultConfigurationIsVisible = 0;
		};
/* End XCConfigurationList section */
	};
	rootObject = 6A2289721EB9B1B7009F8F0A /* Project object */;
}
